
Microsoft Visual Studio Solution File, Format Version 12.00
# Visual Studio Version 17
VisualStudioVersion = 17.2.32630.192
MinimumVisualStudioVersion = 10.0.40219.1
Project("{FAE04EC0-301F-11D3-BF4B-00C04F79EFBC}") = "FeelingGoodAppV2", "FeelingGoodAppV2\FeelingGoodAppV2.csproj", "{51E2A5C3-6952-4FBE-8DAF-41C6925B59C1}"
EndProject
Global
	GlobalSection(SolutionConfigurationPlatforms) = preSolution
		Debug|Any CPU = Debug|Any CPU
		Release|Any CPU = Release|Any CPU
	EndGlobalSection
	GlobalSection(ProjectConfigurationPlatforms) = postSolution
		{51E2A5C3-6952-4FBE-8DAF-41C6925B59C1}.Debug|Any CPU.ActiveCfg = Debug|Any CPU
		{51E2A5C3-6952-4FBE-8DAF-41C6925B59C1}.Debug|Any CPU.Build.0 = Debug|Any CPU
		{51E2A5C3-6952-4FBE-8DAF-41C6925B59C1}.Release|Any CPU.ActiveCfg = Release|Any CPU
		{51E2A5C3-6952-4FBE-8DAF-41C6925B59C1}.Release|Any CPU.Build.0 = Release|Any CPU
	EndGlobalSection
	GlobalSection(SolutionProperties) = preSolution
		HideSolutionNode = FALSE
	EndGlobalSection
	GlobalSection(ExtensibilityGlobals) = postSolution
		SolutionGuid = {92F73B17-2D5F-4840-B725-A2658721EFF2}
	EndGlobalSection
EndGlobal
